// !$*UTF8*$!
{
	archiveVersion = 1;
	classes = {
	};
	objectVersion = 46;
	objects = {

/* Begin PBXBuildFile section */
		1840A8581EFB742D0080EBE1 /* YSColorManager.m in Sources */ = {isa = PBXBuildFile; fileRef = 1840A8471EFB742D0080EBE1 /* YSColorManager.m */; };
		1840A8591EFB742D0080EBE1 /* YSDimeManager.m in Sources */ = {isa = PBXBuildFile; fileRef = 1840A8491EFB742D0080EBE1 /* YSDimeManager.m */; };
		1840A85A1EFB742D0080EBE1 /* YSBFontManager.m in Sources */ = {isa = PBXBuildFile; fileRef = 1840A84B1EFB742D0080EBE1 /* YSBFontManager.m */; };
		1840A85B1EFB742D0080EBE1 /* YSImageManager.m in Sources */ = {isa = PBXBuildFile; fileRef = 1840A84D1EFB742D0080EBE1 /* YSImageManager.m */; };
		1840A85C1EFB742D0080EBE1 /* YSRawManager.m in Sources */ = {isa = PBXBuildFile; fileRef = 1840A84F1EFB742D0080EBE1 /* YSRawManager.m */; };
		1840A85D1EFB742D0080EBE1 /* YSResourceBase.m in Sources */ = {isa = PBXBuildFile; fileRef = 1840A8511EFB742D0080EBE1 /* YSResourceBase.m */; };
		1840A85E1EFB742D0080EBE1 /* YSResourceManager.m in Sources */ = {isa = PBXBuildFile; fileRef = 1840A8531EFB742D0080EBE1 /* YSResourceManager.m */; };
		1840A85F1EFB742D0080EBE1 /* YSStringManager.m in Sources */ = {isa = PBXBuildFile; fileRef = 1840A8551EFB742D0080EBE1 /* YSStringManager.m */; };
		1840A8601EFB742D0080EBE1 /* YSStyleManager.m in Sources */ = {isa = PBXBuildFile; fileRef = 1840A8571EFB742D0080EBE1 /* YSStyleManager.m */; };
		1840A8681EFB781B0080EBE1 /* color.plist in Resources */ = {isa = PBXBuildFile; fileRef = 1840A8621EFB781B0080EBE1 /* color.plist */; };
		1840A8691EFB781B0080EBE1 /* dime.plist in Resources */ = {isa = PBXBuildFile; fileRef = 1840A8631EFB781B0080EBE1 /* dime.plist */; };
		1840A86A1EFB781B0080EBE1 /* font.plist in Resources */ = {isa = PBXBuildFile; fileRef = 1840A8641EFB781B0080EBE1 /* font.plist */; };
		1840A86C1EFB781B0080EBE1 /* string.plist in Resources */ = {isa = PBXBuildFile; fileRef = 1840A8661EFB781B0080EBE1 /* string.plist */; };
		1840A86D1EFB781B0080EBE1 /* style.plist in Resources */ = {isa = PBXBuildFile; fileRef = 1840A8671EFB781B0080EBE1 /* style.plist */; };
		185413D51EE7D84B00C3E866 /* main.m in Sources */ = {isa = PBXBuildFile; fileRef = 185413D41EE7D84B00C3E866 /* main.m */; };
		185413D81EE7D84B00C3E866 /* AppDelegate.m in Sources */ = {isa = PBXBuildFile; fileRef = 185413D71EE7D84B00C3E866 /* AppDelegate.m */; };
		185413DB1EE7D84B00C3E866 /* ViewController.m in Sources */ = {isa = PBXBuildFile; fileRef = 185413DA1EE7D84B00C3E866 /* ViewController.m */; };
		185413DE1EE7D84B00C3E866 /* Main.storyboard in Resources */ = {isa = PBXBuildFile; fileRef = 185413DC1EE7D84B00C3E866 /* Main.storyboard */; };
		185413E01EE7D84B00C3E866 /* Assets.xcassets in Resources */ = {isa = PBXBuildFile; fileRef = 185413DF1EE7D84B00C3E866 /* Assets.xcassets */; };
		185413E31EE7D84B00C3E866 /* LaunchScreen.storyboard in Resources */ = {isa = PBXBuildFile; fileRef = 185413E11EE7D84B00C3E866 /* LaunchScreen.storyboard */; };
		47F84BE988917CA092EA4450 /* libPods-MyLayoutParserDemo.a in Frameworks */ = {isa = PBXBuildFile; fileRef = 99E6D83A3BF44F94B246609D /* libPods-MyLayoutParserDemo.a */; };
		CA2CF411205D0BED005F9606 /* test4.xml in Resources */ = {isa = PBXBuildFile; fileRef = CA2CF410205D0BED005F9606 /* test4.xml */; };
		CA2CF422205D3143005F9606 /* UIView+FALayout.m in Sources */ = {isa = PBXBuildFile; fileRef = CA2CF421205D3143005F9606 /* UIView+FALayout.m */; };
		CA71BED91EF9059A00B14B72 /* test.xml in Resources */ = {isa = PBXBuildFile; fileRef = CA71BED81EF9059A00B14B72 /* test.xml */; };
		CA71BEDD1EF90C5300B14B72 /* ParserManager.m in Sources */ = {isa = PBXBuildFile; fileRef = CA71BEDC1EF90C5300B14B72 /* ParserManager.m */; };
		CA71BEEE1EF925ED00B14B72 /* test2.xml in Resources */ = {isa = PBXBuildFile; fileRef = CA71BEED1EF925ED00B14B72 /* test2.xml */; };
		CA71BF001EF931A200B14B72 /* NSXMLParser+MyLayout.m in Sources */ = {isa = PBXBuildFile; fileRef = CA71BEFF1EF931A200B14B72 /* NSXMLParser+MyLayout.m */; };
		CA9CBC4E1EFA765E008483F7 /* test3.xml in Resources */ = {isa = PBXBuildFile; fileRef = CA9CBC4D1EFA765E008483F7 /* test3.xml */; };
		CAA1E7E11EFB577C00B1CA30 /* UIColor+ColorChange.m in Sources */ = {isa = PBXBuildFile; fileRef = CAA1E7E01EFB577C00B1CA30 /* UIColor+ColorChange.m */; };
		CAC269CB205F671200F5690B /* FormulaStringCalcUtility.m in Sources */ = {isa = PBXBuildFile; fileRef = CAC269CA205F671200F5690B /* FormulaStringCalcUtility.m */; };
		CAD7ADBB1F94E13800880952 /* NSString+Property.m in Sources */ = {isa = PBXBuildFile; fileRef = CAD7ADBA1F94E13800880952 /* NSString+Property.m */; };
/* End PBXBuildFile section */

/* Begin PBXFileReference section */
		1840A8461EFB742D0080EBE1 /* YSColorManager.h */ = {isa = PBXFileReference; fileEncoding = 4; lastKnownFileType = sourcecode.c.h; lineEnding = 0; path = YSColorManager.h; sourceTree = "<group>"; xcLanguageSpecificationIdentifier = xcode.lang.objcpp; };
		1840A8471EFB742D0080EBE1 /* YSColorManager.m */ = {isa = PBXFileReference; fileEncoding = 4; lastKnownFileType = sourcecode.c.objc; path = YSColorManager.m; sourceTree = "<group>"; };
		1840A8481EFB742D0080EBE1 /* YSDimeManager.h */ = {isa = PBXFileReference; fileEncoding = 4; lastKnownFileType = sourcecode.c.h; lineEnding = 0; path = YSDimeManager.h; sourceTree = "<group>"; xcLanguageSpecificationIdentifier = xcode.lang.objcpp; };
		1840A8491EFB742D0080EBE1 /* YSDimeManager.m */ = {isa = PBXFileReference; fileEncoding = 4; lastKnownFileType = sourcecode.c.objc; path = YSDimeManager.m; sourceTree = "<group>"; };
		1840A84A1EFB742D0080EBE1 /* YSFontManager.h */ = {isa = PBXFileReference; fileEncoding = 4; lastKnownFileType = sourcecode.c.h; lineEnding = 0; path = YSFontManager.h; sourceTree = "<group>"; xcLanguageSpecificationIdentifier = xcode.lang.objcpp; };
		1840A84B1EFB742D0080EBE1 /* YSBFontManager.m */ = {isa = PBXFileReference; fileEncoding = 4; lastKnownFileType = sourcecode.c.objc; path = YSBFontManager.m; sourceTree = "<group>"; };
		1840A84C1EFB742D0080EBE1 /* YSImageManager.h */ = {isa = PBXFileReference; fileEncoding = 4; lastKnownFileType = sourcecode.c.h; lineEnding = 0; path = YSImageManager.h; sourceTree = "<group>"; xcLanguageSpecificationIdentifier = xcode.lang.objcpp; };
		1840A84D1EFB742D0080EBE1 /* YSImageManager.m */ = {isa = PBXFileReference; fileEncoding = 4; lastKnownFileType = sourcecode.c.objc; path = YSImageManager.m; sourceTree = "<group>"; };
		1840A84E1EFB742D0080EBE1 /* YSRawManager.h */ = {isa = PBXFileReference; fileEncoding = 4; lastKnownFileType = sourcecode.c.h; lineEnding = 0; path = YSRawManager.h; sourceTree = "<group>"; xcLanguageSpecificationIdentifier = xcode.lang.objcpp; };
		1840A84F1EFB742D0080EBE1 /* YSRawManager.m */ = {isa = PBXFileReference; fileEncoding = 4; lastKnownFileType = sourcecode.c.objc; path = YSRawManager.m; sourceTree = "<group>"; };
		1840A8501EFB742D0080EBE1 /* YSResourceBase.h */ = {isa = PBXFileReference; fileEncoding = 4; lastKnownFileType = sourcecode.c.h; lineEnding = 0; path = YSResourceBase.h; sourceTree = "<group>"; xcLanguageSpecificationIdentifier = xcode.lang.objcpp; };
		1840A8511EFB742D0080EBE1 /* YSResourceBase.m */ = {isa = PBXFileReference; fileEncoding = 4; lastKnownFileType = sourcecode.c.objc; lineEnding = 0; path = YSResourceBase.m; sourceTree = "<group>"; xcLanguageSpecificationIdentifier = xcode.lang.objc; };
		1840A8521EFB742D0080EBE1 /* YSResourceManager.h */ = {isa = PBXFileReference; fileEncoding = 4; lastKnownFileType = sourcecode.c.h; lineEnding = 0; path = YSResourceManager.h; sourceTree = "<group>"; xcLanguageSpecificationIdentifier = xcode.lang.objcpp; };
		1840A8531EFB742D0080EBE1 /* YSResourceManager.m */ = {isa = PBXFileReference; fileEncoding = 4; lastKnownFileType = sourcecode.c.objc; lineEnding = 0; path = YSResourceManager.m; sourceTree = "<group>"; xcLanguageSpecificationIdentifier = xcode.lang.objc; };
		1840A8541EFB742D0080EBE1 /* YSStringManager.h */ = {isa = PBXFileReference; fileEncoding = 4; lastKnownFileType = sourcecode.c.h; lineEnding = 0; path = YSStringManager.h; sourceTree = "<group>"; xcLanguageSpecificationIdentifier = xcode.lang.objcpp; };
		1840A8551EFB742D0080EBE1 /* YSStringManager.m */ = {isa = PBXFileReference; fileEncoding = 4; lastKnownFileType = sourcecode.c.objc; path = YSStringManager.m; sourceTree = "<group>"; };
		1840A8561EFB742D0080EBE1 /* YSStyleManager.h */ = {isa = PBXFileReference; fileEncoding = 4; lastKnownFileType = sourcecode.c.h; lineEnding = 0; path = YSStyleManager.h; sourceTree = "<group>"; xcLanguageSpecificationIdentifier = xcode.lang.objcpp; };
		1840A8571EFB742D0080EBE1 /* YSStyleManager.m */ = {isa = PBXFileReference; fileEncoding = 4; lastKnownFileType = sourcecode.c.objc; lineEnding = 0; path = YSStyleManager.m; sourceTree = "<group>"; xcLanguageSpecificationIdentifier = xcode.lang.objc; };
		1840A8621EFB781B0080EBE1 /* color.plist */ = {isa = PBXFileReference; fileEncoding = 4; lastKnownFileType = text.plist.xml; path = color.plist; sourceTree = "<group>"; };
		1840A8631EFB781B0080EBE1 /* dime.plist */ = {isa = PBXFileReference; fileEncoding = 4; lastKnownFileType = text.plist.xml; path = dime.plist; sourceTree = "<group>"; };
		1840A8641EFB781B0080EBE1 /* font.plist */ = {isa = PBXFileReference; fileEncoding = 4; lastKnownFileType = text.plist.xml; path = font.plist; sourceTree = "<group>"; };
		1840A8661EFB781B0080EBE1 /* string.plist */ = {isa = PBXFileReference; fileEncoding = 4; lastKnownFileType = text.plist.xml; path = string.plist; sourceTree = "<group>"; };
		1840A8671EFB781B0080EBE1 /* style.plist */ = {isa = PBXFileReference; fileEncoding = 4; lastKnownFileType = text.plist.xml; path = style.plist; sourceTree = "<group>"; };
		185413D01EE7D84B00C3E866 /* MyLayoutParserDemo.app */ = {isa = PBXFileReference; explicitFileType = wrapper.application; includeInIndex = 0; path = MyLayoutParserDemo.app; sourceTree = BUILT_PRODUCTS_DIR; };
		185413D41EE7D84B00C3E866 /* main.m */ = {isa = PBXFileReference; lastKnownFileType = sourcecode.c.objc; path = main.m; sourceTree = "<group>"; };
		185413D61EE7D84B00C3E866 /* AppDelegate.h */ = {isa = PBXFileReference; lastKnownFileType = sourcecode.c.h; path = AppDelegate.h; sourceTree = "<group>"; };
		185413D71EE7D84B00C3E866 /* AppDelegate.m */ = {isa = PBXFileReference; lastKnownFileType = sourcecode.c.objc; path = AppDelegate.m; sourceTree = "<group>"; };
		185413D91EE7D84B00C3E866 /* ViewController.h */ = {isa = PBXFileReference; lastKnownFileType = sourcecode.c.h; path = ViewController.h; sourceTree = "<group>"; };
		185413DA1EE7D84B00C3E866 /* ViewController.m */ = {isa = PBXFileReference; lastKnownFileType = sourcecode.c.objc; path = ViewController.m; sourceTree = "<group>"; };
		185413DD1EE7D84B00C3E866 /* Base */ = {isa = PBXFileReference; lastKnownFileType = file.storyboard; name = Base; path = Base.lproj/Main.storyboard; sourceTree = "<group>"; };
		185413DF1EE7D84B00C3E866 /* Assets.xcassets */ = {isa = PBXFileReference; lastKnownFileType = folder.assetcatalog; path = Assets.xcassets; sourceTree = "<group>"; };
		185413E21EE7D84B00C3E866 /* Base */ = {isa = PBXFileReference; lastKnownFileType = file.storyboard; name = Base; path = Base.lproj/LaunchScreen.storyboard; sourceTree = "<group>"; };
		185413E41EE7D84B00C3E866 /* Info.plist */ = {isa = PBXFileReference; lastKnownFileType = text.plist.xml; path = Info.plist; sourceTree = "<group>"; };
		185414071EE7F8D300C3E866 /* MyLayoutParser.h */ = {isa = PBXFileReference; fileEncoding = 4; lastKnownFileType = sourcecode.c.h; path = MyLayoutParser.h; sourceTree = "<group>"; };
		3D4840214EA2EF2AD740B446 /* Pods-MyLayoutParserDemo.debug.xcconfig */ = {isa = PBXFileReference; includeInIndex = 1; lastKnownFileType = text.xcconfig; name = "Pods-MyLayoutParserDemo.debug.xcconfig"; path = "Pods/Target Support Files/Pods-MyLayoutParserDemo/Pods-MyLayoutParserDemo.debug.xcconfig"; sourceTree = "<group>"; };
		99E6D83A3BF44F94B246609D /* libPods-MyLayoutParserDemo.a */ = {isa = PBXFileReference; explicitFileType = archive.ar; includeInIndex = 0; path = "libPods-MyLayoutParserDemo.a"; sourceTree = BUILT_PRODUCTS_DIR; };
		CA2CF410205D0BED005F9606 /* test4.xml */ = {isa = PBXFileReference; lastKnownFileType = text.xml; path = test4.xml; sourceTree = "<group>"; };
		CA2CF420205D3143005F9606 /* UIView+FALayout.h */ = {isa = PBXFileReference; lastKnownFileType = sourcecode.c.h; path = "UIView+FALayout.h"; sourceTree = "<group>"; };
		CA2CF421205D3143005F9606 /* UIView+FALayout.m */ = {isa = PBXFileReference; lastKnownFileType = sourcecode.c.objc; path = "UIView+FALayout.m"; sourceTree = "<group>"; };
		CA71BED81EF9059A00B14B72 /* test.xml */ = {isa = PBXFileReference; fileEncoding = 4; lastKnownFileType = text.xml; path = test.xml; sourceTree = "<group>"; };
		CA71BEDB1EF90C5300B14B72 /* ParserManager.h */ = {isa = PBXFileReference; fileEncoding = 4; lastKnownFileType = sourcecode.c.h; path = ParserManager.h; sourceTree = "<group>"; };
		CA71BEDC1EF90C5300B14B72 /* ParserManager.m */ = {isa = PBXFileReference; fileEncoding = 4; lastKnownFileType = sourcecode.c.objc; path = ParserManager.m; sourceTree = "<group>"; };
		CA71BEED1EF925ED00B14B72 /* test2.xml */ = {isa = PBXFileReference; fileEncoding = 4; lastKnownFileType = text.xml; path = test2.xml; sourceTree = "<group>"; };
		CA71BEFE1EF931A200B14B72 /* NSXMLParser+MyLayout.h */ = {isa = PBXFileReference; fileEncoding = 4; lastKnownFileType = sourcecode.c.h; path = "NSXMLParser+MyLayout.h"; sourceTree = "<group>"; };
		CA71BEFF1EF931A200B14B72 /* NSXMLParser+MyLayout.m */ = {isa = PBXFileReference; fileEncoding = 4; lastKnownFileType = sourcecode.c.objc; path = "NSXMLParser+MyLayout.m"; sourceTree = "<group>"; };
		CA9CBC4D1EFA765E008483F7 /* test3.xml */ = {isa = PBXFileReference; fileEncoding = 4; lastKnownFileType = text.xml; path = test3.xml; sourceTree = "<group>"; };
		CAA1E7DF1EFB577B00B1CA30 /* UIColor+ColorChange.h */ = {isa = PBXFileReference; fileEncoding = 4; lastKnownFileType = sourcecode.c.h; path = "UIColor+ColorChange.h"; sourceTree = "<group>"; };
		CAA1E7E01EFB577C00B1CA30 /* UIColor+ColorChange.m */ = {isa = PBXFileReference; fileEncoding = 4; lastKnownFileType = sourcecode.c.objc; path = "UIColor+ColorChange.m"; sourceTree = "<group>"; };
		CAC269C9205F671200F5690B /* FormulaStringCalcUtility.h */ = {isa = PBXFileReference; lastKnownFileType = sourcecode.c.h; path = FormulaStringCalcUtility.h; sourceTree = "<group>"; };
		CAC269CA205F671200F5690B /* FormulaStringCalcUtility.m */ = {isa = PBXFileReference; lastKnownFileType = sourcecode.c.objc; path = FormulaStringCalcUtility.m; sourceTree = "<group>"; };
		CAD7ADB91F94E13800880952 /* NSString+Property.h */ = {isa = PBXFileReference; lastKnownFileType = sourcecode.c.h; path = "NSString+Property.h"; sourceTree = "<group>"; };
		CAD7ADBA1F94E13800880952 /* NSString+Property.m */ = {isa = PBXFileReference; lastKnownFileType = sourcecode.c.objc; path = "NSString+Property.m"; sourceTree = "<group>"; };
		EFC97ECE57934000335DFB88 /* Pods-MyLayoutParserDemo.release.xcconfig */ = {isa = PBXFileReference; includeInIndex = 1; lastKnownFileType = text.xcconfig; name = "Pods-MyLayoutParserDemo.release.xcconfig"; path = "Pods/Target Support Files/Pods-MyLayoutParserDemo/Pods-MyLayoutParserDemo.release.xcconfig"; sourceTree = "<group>"; };
/* End PBXFileReference section */

/* Begin PBXFrameworksBuildPhase section */
		185413CD1EE7D84B00C3E866 /* Frameworks */ = {
			isa = PBXFrameworksBuildPhase;
			buildActionMask = 2147483647;
			files = (
				47F84BE988917CA092EA4450 /* libPods-MyLayoutParserDemo.a in Frameworks */,
			);
			runOnlyForDeploymentPostprocessing = 0;
		};
/* End PBXFrameworksBuildPhase section */

/* Begin PBXGroup section */
		1840A8451EFB73F30080EBE1 /* ResourceManager */ = {
			isa = PBXGroup;
			children = (
				1840A8461EFB742D0080EBE1 /* YSColorManager.h */,
				1840A8471EFB742D0080EBE1 /* YSColorManager.m */,
				1840A8481EFB742D0080EBE1 /* YSDimeManager.h */,
				1840A8491EFB742D0080EBE1 /* YSDimeManager.m */,
				1840A84A1EFB742D0080EBE1 /* YSFontManager.h */,
				1840A84B1EFB742D0080EBE1 /* YSBFontManager.m */,
				1840A84C1EFB742D0080EBE1 /* YSImageManager.h */,
				1840A84D1EFB742D0080EBE1 /* YSImageManager.m */,
				1840A84E1EFB742D0080EBE1 /* YSRawManager.h */,
				1840A84F1EFB742D0080EBE1 /* YSRawManager.m */,
				1840A8501EFB742D0080EBE1 /* YSResourceBase.h */,
				1840A8511EFB742D0080EBE1 /* YSResourceBase.m */,
				1840A8521EFB742D0080EBE1 /* YSResourceManager.h */,
				1840A8531EFB742D0080EBE1 /* YSResourceManager.m */,
				1840A8541EFB742D0080EBE1 /* YSStringManager.h */,
				1840A8551EFB742D0080EBE1 /* YSStringManager.m */,
				1840A8561EFB742D0080EBE1 /* YSStyleManager.h */,
				1840A8571EFB742D0080EBE1 /* YSStyleManager.m */,
			);
			path = ResourceManager;
			sourceTree = "<group>";
		};
		1840A8611EFB779C0080EBE1 /* Res */ = {
			isa = PBXGroup;
			children = (
				1840A8621EFB781B0080EBE1 /* color.plist */,
				1840A8631EFB781B0080EBE1 /* dime.plist */,
				1840A8641EFB781B0080EBE1 /* font.plist */,
				1840A8661EFB781B0080EBE1 /* string.plist */,
				1840A8671EFB781B0080EBE1 /* style.plist */,
			);
			path = Res;
			sourceTree = "<group>";
		};
		185413C71EE7D84B00C3E866 = {
			isa = PBXGroup;
			children = (
				185413D21EE7D84B00C3E866 /* MyLayoutParserDemo */,
				185413D11EE7D84B00C3E866 /* Products */,
				89F045FD4825FCF783E6F752 /* Pods */,
				1DC88DBBEB704227B2D87D5F /* Frameworks */,
			);
			sourceTree = "<group>";
		};
		185413D11EE7D84B00C3E866 /* Products */ = {
			isa = PBXGroup;
			children = (
				185413D01EE7D84B00C3E866 /* MyLayoutParserDemo.app */,
			);
			name = Products;
			sourceTree = "<group>";
		};
		185413D21EE7D84B00C3E866 /* MyLayoutParserDemo */ = {
			isa = PBXGroup;
			children = (
				1840A8451EFB73F30080EBE1 /* ResourceManager */,
				185414021EE7D93400C3E866 /* MyLayoutParser */,
				185413D61EE7D84B00C3E866 /* AppDelegate.h */,
				185413D71EE7D84B00C3E866 /* AppDelegate.m */,
				185413D91EE7D84B00C3E866 /* ViewController.h */,
				185413DA1EE7D84B00C3E866 /* ViewController.m */,
				185413DC1EE7D84B00C3E866 /* Main.storyboard */,
				185413DF1EE7D84B00C3E866 /* Assets.xcassets */,
				185413E11EE7D84B00C3E866 /* LaunchScreen.storyboard */,
				185413E41EE7D84B00C3E866 /* Info.plist */,
				185413D31EE7D84B00C3E866 /* Supporting Files */,
			);
			path = MyLayoutParserDemo;
			sourceTree = "<group>";
		};
		185413D31EE7D84B00C3E866 /* Supporting Files */ = {
			isa = PBXGroup;
			children = (
				1840A8611EFB779C0080EBE1 /* Res */,
				185413D41EE7D84B00C3E866 /* main.m */,
			);
			name = "Supporting Files";
			sourceTree = "<group>";
		};
		185414021EE7D93400C3E866 /* MyLayoutParser */ = {
			isa = PBXGroup;
			children = (
				CA71BEDA1EF90C2900B14B72 /* Parser */,
				185414061EE7D97800C3E866 /* HTML */,
				185414051EE7D97200C3E866 /* JSON */,
				185414041EE7D96800C3E866 /* AndroidXML */,
				185414071EE7F8D300C3E866 /* MyLayoutParser.h */,
			);
			path = MyLayoutParser;
			sourceTree = "<group>";
		};
		185414041EE7D96800C3E866 /* AndroidXML */ = {
			isa = PBXGroup;
			children = (
			);
			name = AndroidXML;
			sourceTree = "<group>";
		};
		185414051EE7D97200C3E866 /* JSON */ = {
			isa = PBXGroup;
			children = (
			);
			name = JSON;
			sourceTree = "<group>";
		};
		185414061EE7D97800C3E866 /* HTML */ = {
			isa = PBXGroup;
			children = (
				CA71BED81EF9059A00B14B72 /* test.xml */,
				CA71BEED1EF925ED00B14B72 /* test2.xml */,
				CA9CBC4D1EFA765E008483F7 /* test3.xml */,
				CA2CF410205D0BED005F9606 /* test4.xml */,
			);
			name = HTML;
			sourceTree = "<group>";
		};
		1DC88DBBEB704227B2D87D5F /* Frameworks */ = {
			isa = PBXGroup;
			children = (
				99E6D83A3BF44F94B246609D /* libPods-MyLayoutParserDemo.a */,
			);
			name = Frameworks;
			sourceTree = "<group>";
		};
		89F045FD4825FCF783E6F752 /* Pods */ = {
			isa = PBXGroup;
			children = (
				3D4840214EA2EF2AD740B446 /* Pods-MyLayoutParserDemo.debug.xcconfig */,
				EFC97ECE57934000335DFB88 /* Pods-MyLayoutParserDemo.release.xcconfig */,
			);
			name = Pods;
			sourceTree = "<group>";
		};
		CA71BEDA1EF90C2900B14B72 /* Parser */ = {
			isa = PBXGroup;
			children = (
				CA71BEDB1EF90C5300B14B72 /* ParserManager.h */,
				CA71BEDC1EF90C5300B14B72 /* ParserManager.m */,
				CA71BEFE1EF931A200B14B72 /* NSXMLParser+MyLayout.h */,
				CA71BEFF1EF931A200B14B72 /* NSXMLParser+MyLayout.m */,
				CAA1E7DF1EFB577B00B1CA30 /* UIColor+ColorChange.h */,
				CAA1E7E01EFB577C00B1CA30 /* UIColor+ColorChange.m */,
				CAD7ADB91F94E13800880952 /* NSString+Property.h */,
				CAD7ADBA1F94E13800880952 /* NSString+Property.m */,
				CA2CF420205D3143005F9606 /* UIView+FALayout.h */,
				CA2CF421205D3143005F9606 /* UIView+FALayout.m */,
				CAC269C9205F671200F5690B /* FormulaStringCalcUtility.h */,
				CAC269CA205F671200F5690B /* FormulaStringCalcUtility.m */,
			);
			name = Parser;
			sourceTree = "<group>";
		};
/* End PBXGroup section */

/* Begin PBXNativeTarget section */
		185413CF1EE7D84B00C3E866 /* MyLayoutParserDemo */ = {
			isa = PBXNativeTarget;
			buildConfigurationList = 185413E71EE7D84B00C3E866 /* Build configuration list for PBXNativeTarget "MyLayoutParserDemo" */;
			buildPhases = (
				988ACD33CA3949330E29CDC8 /* [CP] Check Pods Manifest.lock */,
				185413CC1EE7D84B00C3E866 /* Sources */,
				185413CD1EE7D84B00C3E866 /* Frameworks */,
				185413CE1EE7D84B00C3E866 /* Resources */,
				20C352C1F5131D770BE9FEB2 /* [CP] Embed Pods Frameworks */,
				C08C7CCE05DBAE59265068D6 /* [CP] Copy Pods Resources */,
			);
			buildRules = (
			);
			dependencies = (
			);
			name = MyLayoutParserDemo;
			productName = MyLayoutParserDemo;
			productReference = 185413D01EE7D84B00C3E866 /* MyLayoutParserDemo.app */;
			productType = "com.apple.product-type.application";
		};
/* End PBXNativeTarget section */

/* Begin PBXProject section */
		185413C81EE7D84B00C3E866 /* Project object */ = {
			isa = PBXProject;
			attributes = {
				LastUpgradeCheck = 0830;
				ORGANIZATIONNAME = youngsoft;
				TargetAttributes = {
					185413CF1EE7D84B00C3E866 = {
						CreatedOnToolsVersion = 8.3.2;
						ProvisioningStyle = Automatic;
					};
				};
			};
			buildConfigurationList = 185413CB1EE7D84B00C3E866 /* Build configuration list for PBXProject "MyLayoutParserDemo" */;
			compatibilityVersion = "Xcode 3.2";
			developmentRegion = English;
			hasScannedForEncodings = 0;
			knownRegions = (
				en,
				Base,
			);
			mainGroup = 185413C71EE7D84B00C3E866;
			productRefGroup = 185413D11EE7D84B00C3E866 /* Products */;
			projectDirPath = "";
			projectRoot = "";
			targets = (
				185413CF1EE7D84B00C3E866 /* MyLayoutParserDemo */,
			);
		};
/* End PBXProject section */

/* Begin PBXResourcesBuildPhase section */
		185413CE1EE7D84B00C3E866 /* Resources */ = {
			isa = PBXResourcesBuildPhase;
			buildActionMask = 2147483647;
			files = (
				1840A86C1EFB781B0080EBE1 /* string.plist in Resources */,
				1840A8681EFB781B0080EBE1 /* color.plist in Resources */,
				185413E31EE7D84B00C3E866 /* LaunchScreen.storyboard in Resources */,
				CA71BEEE1EF925ED00B14B72 /* test2.xml in Resources */,
				1840A8691EFB781B0080EBE1 /* dime.plist in Resources */,
				1840A86A1EFB781B0080EBE1 /* font.plist in Resources */,
				185413E01EE7D84B00C3E866 /* Assets.xcassets in Resources */,
				185413DE1EE7D84B00C3E866 /* Main.storyboard in Resources */,
				CA2CF411205D0BED005F9606 /* test4.xml in Resources */,
				CA71BED91EF9059A00B14B72 /* test.xml in Resources */,
				1840A86D1EFB781B0080EBE1 /* style.plist in Resources */,
				CA9CBC4E1EFA765E008483F7 /* test3.xml in Resources */,
			);
			runOnlyForDeploymentPostprocessing = 0;
		};
/* End PBXResourcesBuildPhase section */

/* Begin PBXShellScriptBuildPhase section */
		20C352C1F5131D770BE9FEB2 /* [CP] Embed Pods Frameworks */ = {
			isa = PBXShellScriptBuildPhase;
			buildActionMask = 2147483647;
			files = (
			);
			inputPaths = (
			);
			name = "[CP] Embed Pods Frameworks";
			outputPaths = (
			);
			runOnlyForDeploymentPostprocessing = 0;
			shellPath = /bin/sh;
			shellScript = "\"${SRCROOT}/Pods/Target Support Files/Pods-MyLayoutParserDemo/Pods-MyLayoutParserDemo-frameworks.sh\"\n";
			showEnvVarsInLog = 0;
		};
		988ACD33CA3949330E29CDC8 /* [CP] Check Pods Manifest.lock */ = {
			isa = PBXShellScriptBuildPhase;
			buildActionMask = 2147483647;
			files = (
			);
			inputPaths = (
			);
			name = "[CP] Check Pods Manifest.lock";
			outputPaths = (
			);
			runOnlyForDeploymentPostprocessing = 0;
			shellPath = /bin/sh;
			shellScript = "diff \"${PODS_ROOT}/../Podfile.lock\" \"${PODS_ROOT}/Manifest.lock\" > /dev/null\nif [ $? != 0 ] ; then\n    # print error to STDERR\n    echo \"error: The sandbox is not in sync with the Podfile.lock. Run 'pod install' or update your CocoaPods installation.\" >&2\n    exit 1\nfi\n";
			showEnvVarsInLog = 0;
		};
		C08C7CCE05DBAE59265068D6 /* [CP] Copy Pods Resources */ = {
			isa = PBXShellScriptBuildPhase;
			buildActionMask = 2147483647;
			files = (
			);
			inputPaths = (
			);
			name = "[CP] Copy Pods Resources";
			outputPaths = (
			);
			runOnlyForDeploymentPostprocessing = 0;
			shellPath = /bin/sh;
			shellScript = "\"${SRCROOT}/Pods/Target Support Files/Pods-MyLayoutParserDemo/Pods-MyLayoutParserDemo-resources.sh\"\n";
			showEnvVarsInLog = 0;
		};
/* End PBXShellScriptBuildPhase section */

/* Begin PBXSourcesBuildPhase section */
		185413CC1EE7D84B00C3E866 /* Sources */ = {
			isa = PBXSourcesBuildPhase;
			buildActionMask = 2147483647;
			files = (
				185413DB1EE7D84B00C3E866 /* ViewController.m in Sources */,
				CA2CF422205D3143005F9606 /* UIView+FALayout.m in Sources */,
				185413D81EE7D84B00C3E866 /* AppDelegate.m in Sources */,
				CA71BF001EF931A200B14B72 /* NSXMLParser+MyLayout.m in Sources */,
				1840A85B1EFB742D0080EBE1 /* YSImageManager.m in Sources */,
				1840A85D1EFB742D0080EBE1 /* YSResourceBase.m in Sources */,
				1840A85E1EFB742D0080EBE1 /* YSResourceManager.m in Sources */,
				CAD7ADBB1F94E13800880952 /* NSString+Property.m in Sources */,
				1840A8601EFB742D0080EBE1 /* YSStyleManager.m in Sources */,
				CA71BEDD1EF90C5300B14B72 /* ParserManager.m in Sources */,
				1840A8581EFB742D0080EBE1 /* YSColorManager.m in Sources */,
				CAC269CB205F671200F5690B /* FormulaStringCalcUtility.m in Sources */,
				CAA1E7E11EFB577C00B1CA30 /* UIColor+ColorChange.m in Sources */,
				1840A85C1EFB742D0080EBE1 /* YSRawManager.m in Sources */,
				1840A85F1EFB742D0080EBE1 /* YSStringManager.m in Sources */,
				1840A8591EFB742D0080EBE1 /* YSDimeManager.m in Sources */,
				185413D51EE7D84B00C3E866 /* main.m in Sources */,
				1840A85A1EFB742D0080EBE1 /* YSBFontManager.m in Sources */,
			);
			runOnlyForDeploymentPostprocessing = 0;
		};
/* End PBXSourcesBuildPhase section */

/* Begin PBXVariantGroup section */
		185413DC1EE7D84B00C3E866 /* Main.storyboard */ = {
			isa = PBXVariantGroup;
			children = (
				185413DD1EE7D84B00C3E866 /* Base */,
			);
			name = Main.storyboard;
			sourceTree = "<group>";
		};
		185413E11EE7D84B00C3E866 /* LaunchScreen.storyboard */ = {
			isa = PBXVariantGroup;
			children = (
				185413E21EE7D84B00C3E866 /* Base */,
			);
			name = LaunchScreen.storyboard;
			sourceTree = "<group>";
		};
/* End PBXVariantGroup section */

/* Begin XCBuildConfiguration section */
		185413E51EE7D84B00C3E866 /* Debug */ = {
			isa = XCBuildConfiguration;
			buildSettings = {
				ALWAYS_SEARCH_USER_PATHS = NO;
				CLANG_ANALYZER_NONNULL = YES;
				CLANG_ANALYZER_NUMBER_OBJECT_CONVERSION = YES_AGGRESSIVE;
				CLANG_CXX_LANGUAGE_STANDARD = "gnu++0x";
				CLANG_CXX_LIBRARY = "libc++";
				CLANG_ENABLE_MODULES = YES;
				CLANG_ENABLE_OBJC_ARC = YES;
				CLANG_WARN_BOOL_CONVERSION = YES;
				CLANG_WARN_CONSTANT_CONVERSION = YES;
				CLANG_WARN_DIRECT_OBJC_ISA_USAGE = YES_ERROR;
				CLANG_WARN_DOCUMENTATION_COMMENTS = YES;
				CLANG_WARN_EMPTY_BODY = YES;
				CLANG_WARN_ENUM_CONVERSION = YES;
				CLANG_WARN_INFINITE_RECURSION = YES;
				CLANG_WARN_INT_CONVERSION = YES;
				CLANG_WARN_OBJC_ROOT_CLASS = YES_ERROR;
				CLANG_WARN_SUSPICIOUS_MOVE = YES;
				CLANG_WARN_UNREACHABLE_CODE = YES;
				CLANG_WARN__DUPLICATE_METHOD_MATCH = YES;
				"CODE_SIGN_IDENTITY[sdk=iphoneos*]" = "iPhone Developer";
				COPY_PHASE_STRIP = NO;
				DEBUG_INFORMATION_FORMAT = dwarf;
				ENABLE_STRICT_OBJC_MSGSEND = YES;
				ENABLE_TESTABILITY = YES;
				GCC_C_LANGUAGE_STANDARD = gnu99;
				GCC_DYNAMIC_NO_PIC = NO;
				GCC_NO_COMMON_BLOCKS = YES;
				GCC_OPTIMIZATION_LEVEL = 0;
				GCC_PREPROCESSOR_DEFINITIONS = (
					"DEBUG=1",
					"$(inherited)",
				);
				GCC_WARN_64_TO_32_BIT_CONVERSION = YES;
				GCC_WARN_ABOUT_RETURN_TYPE = YES_ERROR;
				GCC_WARN_UNDECLARED_SELECTOR = YES;
				GCC_WARN_UNINITIALIZED_AUTOS = YES_AGGRESSIVE;
				GCC_WARN_UNUSED_FUNCTION = YES;
				GCC_WARN_UNUSED_VARIABLE = YES;
				IPHONEOS_DEPLOYMENT_TARGET = 10.3;
				MTL_ENABLE_DEBUG_INFO = YES;
				ONLY_ACTIVE_ARCH = YES;
				SDKROOT = iphoneos;
				TARGETED_DEVICE_FAMILY = "1,2";
			};
			name = Debug;
		};
		185413E61EE7D84B00C3E866 /* Release */ = {
			isa = XCBuildConfiguration;
			buildSettings = {
				ALWAYS_SEARCH_USER_PATHS = NO;
				CLANG_ANALYZER_NONNULL = YES;
				CLANG_ANALYZER_NUMBER_OBJECT_CONVERSION = YES_AGGRESSIVE;
				CLANG_CXX_LANGUAGE_STANDARD = "gnu++0x";
				CLANG_CXX_LIBRARY = "libc++";
				CLANG_ENABLE_MODULES = YES;
				CLANG_ENABLE_OBJC_ARC = YES;
				CLANG_WARN_BOOL_CONVERSION = YES;
				CLANG_WARN_CONSTANT_CONVERSION = YES;
				CLANG_WARN_DIRECT_OBJC_ISA_USAGE = YES_ERROR;
				CLANG_WARN_DOCUMENTATION_COMMENTS = YES;
				CLANG_WARN_EMPTY_BODY = YES;
				CLANG_WARN_ENUM_CONVERSION = YES;
				CLANG_WARN_INFINITE_RECURSION = YES;
				CLANG_WARN_INT_CONVERSION = YES;
				CLANG_WARN_OBJC_ROOT_CLASS = YES_ERROR;
				CLANG_WARN_SUSPICIOUS_MOVE = YES;
				CLANG_WARN_UNREACHABLE_CODE = YES;
				CLANG_WARN__DUPLICATE_METHOD_MATCH = YES;
				"CODE_SIGN_IDENTITY[sdk=iphoneos*]" = "iPhone Developer";
				COPY_PHASE_STRIP = NO;
				DEBUG_INFORMATION_FORMAT = "dwarf-with-dsym";
				ENABLE_NS_ASSERTIONS = NO;
				ENABLE_STRICT_OBJC_MSGSEND = YES;
				GCC_C_LANGUAGE_STANDARD = gnu99;
				GCC_NO_COMMON_BLOCKS = YES;
				GCC_WARN_64_TO_32_BIT_CONVERSION = YES;
				GCC_WARN_ABOUT_RETURN_TYPE = YES_ERROR;
				GCC_WARN_UNDECLARED_SELECTOR = YES;
				GCC_WARN_UNINITIALIZED_AUTOS = YES_AGGRESSIVE;
				GCC_WARN_UNUSED_FUNCTION = YES;
				GCC_WARN_UNUSED_VARIABLE = YES;
				IPHONEOS_DEPLOYMENT_TARGET = 10.3;
				MTL_ENABLE_DEBUG_INFO = NO;
				SDKROOT = iphoneos;
				TARGETED_DEVICE_FAMILY = "1,2";
				VALIDATE_PRODUCT = YES;
			};
			name = Release;
		};
		185413E81EE7D84B00C3E866 /* Debug */ = {
			isa = XCBuildConfiguration;
			baseConfigurationReference = 3D4840214EA2EF2AD740B446 /* Pods-MyLayoutParserDemo.debug.xcconfig */;
			buildSettings = {
				ASSETCATALOG_COMPILER_APPICON_NAME = AppIcon;
				DEVELOPMENT_TEAM = "";
				INFOPLIST_FILE = MyLayoutParserDemo/Info.plist;
				IPHONEOS_DEPLOYMENT_TARGET = 8.0;
				LD_RUNPATH_SEARCH_PATHS = "$(inherited) @executable_path/Frameworks";
				PRODUCT_BUNDLE_IDENTIFIER = com.youngsoft.MyLayoutParserDemo;
				PRODUCT_NAME = "$(TARGET_NAME)";
			};
			name = Debug;
		};
		185413E91EE7D84B00C3E866 /* Release */ = {
			isa = XCBuildConfiguration;
			baseConfigurationReference = EFC97ECE57934000335DFB88 /* Pods-MyLayoutParserDemo.release.xcconfig */;
			buildSettings = {
				ASSETCATALOG_COMPILER_APPICON_NAME = AppIcon;
				DEVELOPMENT_TEAM = "";
				INFOPLIST_FILE = MyLayoutParserDemo/Info.plist;
				IPHONEOS_DEPLOYMENT_TARGET = 8.0;
				LD_RUNPATH_SEARCH_PATHS = "$(inherited) @executable_path/Frameworks";
				PRODUCT_BUNDLE_IDENTIFIER = com.youngsoft.MyLayoutParserDemo;
				PRODUCT_NAME = "$(TARGET_NAME)";
			};
			name = Release;
		};
/* End XCBuildConfiguration section */

/* Begin XCConfigurationList section */
		185413CB1EE7D84B00C3E866 /* Build configuration list for PBXProject "MyLayoutParserDemo" */ = {
			isa = XCConfigurationList;
			buildConfigurations = (
				185413E51EE7D84B00C3E866 /* Debug */,
				185413E61EE7D84B00C3E866 /* Release */,
			);
			defaultConfigurationIsVisible = 0;
			defaultConfigurationName = Release;
		};
		185413E71EE7D84B00C3E866 /* Build configuration list for PBXNativeTarget "MyLayoutParserDemo" */ = {
			isa = XCConfigurationList;
			buildConfigurations = (
				185413E81EE7D84B00C3E866 /* Debug */,
				185413E91EE7D84B00C3E866 /* Release */,
			);
			defaultConfigurationIsVisible = 0;
			defaultConfigurationName = Release;
		};
/* End XCConfigurationList section */
	};
	rootObject = 185413C81EE7D84B00C3E866 /* Project object */;
}
